
Microsoft Visual Studio Solution File, Format Version 12.00
# Visual Studio 14
VisualStudioVersion = 14.0.25420.1
MinimumVisualStudioVersion = 10.0.40219.1
Project("{FAE04EC0-301F-11D3-BF4B-00C04F79EFBC}") = "Test", "Test\Test.csproj", "{E4463A28-242D-43F7-9766-7983B21FCE0F}"
EndProject
Project("{FAE04EC0-301F-11D3-BF4B-00C04F79EFBC}") = "Visa.WinForms", "Visa.WinForms\Visa.WinForms.csproj", "{AB4E74E6-D7B4-419C-A05B-AEB04C328BAD}"
EndProject
Project("{FAE04EC0-301F-11D3-BF4B-00C04F79EFBC}") = "Visa.Database", "Visa.Database\Visa.Database.csproj", "{4FAC9364-BA83-43F8-AA95-57BBC8835F2C}"
EndProject
Project("{FAE04EC0-301F-11D3-BF4B-00C04F79EFBC}") = "Visa.WebCrawler", "Visa.WebCrawler\Visa.WebCrawler.csproj", "{CB18A2ED-776C-4271-A712-A5374B81213B}"
EndProject
Project("{FAE04EC0-301F-11D3-BF4B-00C04F79EFBC}") = "Visa.Resources", "Visa.Resources\Visa.Resources.csproj", "{C29283C8-3FA1-4B26-90BC-09B392E6678C}"
EndProject
Project("{FAE04EC0-301F-11D3-BF4B-00C04F79EFBC}") = "Visa..BusinessLogic", "Visa..BusinessLogic\Visa..BusinessLogic.csproj", "{224F4561-576F-4880-850C-F01E2CCE89FE}"
EndProject
Project("{FAE04EC0-301F-11D3-BF4B-00C04F79EFBC}") = "Visa.License", "Visa.License\Visa.License.csproj", "{F2608D24-A0E2-4BF8-8E58-C3B931DF08A6}"
EndProject
Project("{FAE04EC0-301F-11D3-BF4B-00C04F79EFBC}") = "Visa.LicenseManager", "Visa.LicenseManager\Visa.LicenseManager.csproj", "{DAE60826-53C1-4E80-BFD1-D0B3E5F9553B}"
EndProject
Global
	GlobalSection(SolutionConfigurationPlatforms) = preSolution
		Debug|Any CPU = Debug|Any CPU
		Debug|ARM = Debug|ARM
		Debug|x64 = Debug|x64
		Debug|x86 = Debug|x86
		Release|Any CPU = Release|Any CPU
		Release|ARM = Release|ARM
		Release|x64 = Release|x64
		Release|x86 = Release|x86
	EndGlobalSection
	GlobalSection(ProjectConfigurationPlatforms) = postSolution
		{E4463A28-242D-43F7-9766-7983B21FCE0F}.Debug|Any CPU.ActiveCfg = Debug|Any CPU
		{E4463A28-242D-43F7-9766-7983B21FCE0F}.Debug|Any CPU.Build.0 = Debug|Any CPU
		{E4463A28-242D-43F7-9766-7983B21FCE0F}.Debug|ARM.ActiveCfg = Debug|Any CPU
		{E4463A28-242D-43F7-9766-7983B21FCE0F}.Debug|ARM.Build.0 = Debug|Any CPU
		{E4463A28-242D-43F7-9766-7983B21FCE0F}.Debug|x64.ActiveCfg = Debug|Any CPU
		{E4463A28-242D-43F7-9766-7983B21FCE0F}.Debug|x64.Build.0 = Debug|Any CPU
		{E4463A28-242D-43F7-9766-7983B21FCE0F}.Debug|x86.ActiveCfg = Debug|Any CPU
		{E4463A28-242D-43F7-9766-7983B21FCE0F}.Debug|x86.Build.0 = Debug|Any CPU
		{E4463A28-242D-43F7-9766-7983B21FCE0F}.Release|Any CPU.ActiveCfg = Release|Any CPU
		{E4463A28-242D-43F7-9766-7983B21FCE0F}.Release|Any CPU.Build.0 = Release|Any CPU
		{E4463A28-242D-43F7-9766-7983B21FCE0F}.Release|ARM.ActiveCfg = Release|Any CPU
		{E4463A28-242D-43F7-9766-7983B21FCE0F}.Release|ARM.Build.0 = Release|Any CPU
		{E4463A28-242D-43F7-9766-7983B21FCE0F}.Release|x64.ActiveCfg = Release|Any CPU
		{E4463A28-242D-43F7-9766-7983B21FCE0F}.Release|x64.Build.0 = Release|Any CPU
		{E4463A28-242D-43F7-9766-7983B21FCE0F}.Release|x86.ActiveCfg = Release|Any CPU
		{E4463A28-242D-43F7-9766-7983B21FCE0F}.Release|x86.Build.0 = Release|Any CPU
		{AB4E74E6-D7B4-419C-A05B-AEB04C328BAD}.Debug|Any CPU.ActiveCfg = Debug|Any CPU
		{AB4E74E6-D7B4-419C-A05B-AEB04C328BAD}.Debug|Any CPU.Build.0 = Debug|Any CPU
		{AB4E74E6-D7B4-419C-A05B-AEB04C328BAD}.Debug|ARM.ActiveCfg = Debug|Any CPU
		{AB4E74E6-D7B4-419C-A05B-AEB04C328BAD}.Debug|ARM.Build.0 = Debug|Any CPU
		{AB4E74E6-D7B4-419C-A05B-AEB04C328BAD}.Debug|x64.ActiveCfg = Debug|Any CPU
		{AB4E74E6-D7B4-419C-A05B-AEB04C328BAD}.Debug|x64.Build.0 = Debug|Any CPU
		{AB4E74E6-D7B4-419C-A05B-AEB04C328BAD}.Debug|x86.ActiveCfg = Debug|Any CPU
		{AB4E74E6-D7B4-419C-A05B-AEB04C328BAD}.Debug|x86.Build.0 = Debug|Any CPU
		{AB4E74E6-D7B4-419C-A05B-AEB04C328BAD}.Release|Any CPU.ActiveCfg = Release|Any CPU
		{AB4E74E6-D7B4-419C-A05B-AEB04C328BAD}.Release|Any CPU.Build.0 = Release|Any CPU
		{AB4E74E6-D7B4-419C-A05B-AEB04C328BAD}.Release|ARM.ActiveCfg = Release|Any CPU
		{AB4E74E6-D7B4-419C-A05B-AEB04C328BAD}.Release|ARM.Build.0 = Release|Any CPU
		{AB4E74E6-D7B4-419C-A05B-AEB04C328BAD}.Release|x64.ActiveCfg = Release|Any CPU
		{AB4E74E6-D7B4-419C-A05B-AEB04C328BAD}.Release|x64.Build.0 = Release|Any CPU
		{AB4E74E6-D7B4-419C-A05B-AEB04C328BAD}.Release|x86.ActiveCfg = Release|Any CPU
		{AB4E74E6-D7B4-419C-A05B-AEB04C328BAD}.Release|x86.Build.0 = Release|Any CPU
		{4FAC9364-BA83-43F8-AA95-57BBC8835F2C}.Debug|Any CPU.ActiveCfg = Debug|Any CPU
		{4FAC9364-BA83-43F8-AA95-57BBC8835F2C}.Debug|Any CPU.Build.0 = Debug|Any CPU
		{4FAC9364-BA83-43F8-AA95-57BBC8835F2C}.Debug|ARM.ActiveCfg = Debug|Any CPU
		{4FAC9364-BA83-43F8-AA95-57BBC8835F2C}.Debug|ARM.Build.0 = Debug|Any CPU
		{4FAC9364-BA83-43F8-AA95-57BBC8835F2C}.Debug|x64.ActiveCfg = Debug|Any CPU
		{4FAC9364-BA83-43F8-AA95-57BBC8835F2C}.Debug|x64.Build.0 = Debug|Any CPU
		{4FAC9364-BA83-43F8-AA95-57BBC8835F2C}.Debug|x86.ActiveCfg = Debug|Any CPU
		{4FAC9364-BA83-43F8-AA95-57BBC8835F2C}.Debug|x86.Build.0 = Debug|Any CPU
		{4FAC9364-BA83-43F8-AA95-57BBC8835F2C}.Release|Any CPU.ActiveCfg = Release|Any CPU
		{4FAC9364-BA83-43F8-AA95-57BBC8835F2C}.Release|Any CPU.Build.0 = Release|Any CPU
		{4FAC9364-BA83-43F8-AA95-57BBC8835F2C}.Release|ARM.ActiveCfg = Release|Any CPU
		{4FAC9364-BA83-43F8-AA95-57BBC8835F2C}.Release|ARM.Build.0 = Release|Any CPU
		{4FAC9364-BA83-43F8-AA95-57BBC8835F2C}.Release|x64.ActiveCfg = Release|Any CPU
		{4FAC9364-BA83-43F8-AA95-57BBC8835F2C}.Release|x64.Build.0 = Release|Any CPU
		{4FAC9364-BA83-43F8-AA95-57BBC8835F2C}.Release|x86.ActiveCfg = Release|Any CPU
		{4FAC9364-BA83-43F8-AA95-57BBC8835F2C}.Release|x86.Build.0 = Release|Any CPU
		{CB18A2ED-776C-4271-A712-A5374B81213B}.Debug|Any CPU.ActiveCfg = Debug|Any CPU
		{CB18A2ED-776C-4271-A712-A5374B81213B}.Debug|Any CPU.Build.0 = Debug|Any CPU
		{CB18A2ED-776C-4271-A712-A5374B81213B}.Debug|ARM.ActiveCfg = Debug|Any CPU
		{CB18A2ED-776C-4271-A712-A5374B81213B}.Debug|ARM.Build.0 = Debug|Any CPU
		{CB18A2ED-776C-4271-A712-A5374B81213B}.Debug|x64.ActiveCfg = Debug|Any CPU
		{CB18A2ED-776C-4271-A712-A5374B81213B}.Debug|x64.Build.0 = Debug|Any CPU
		{CB18A2ED-776C-4271-A712-A5374B81213B}.Debug|x86.ActiveCfg = Debug|Any CPU
		{CB18A2ED-776C-4271-A712-A5374B81213B}.Debug|x86.Build.0 = Debug|Any CPU
		{CB18A2ED-776C-4271-A712-A5374B81213B}.Release|Any CPU.ActiveCfg = Release|Any CPU
		{CB18A2ED-776C-4271-A712-A5374B81213B}.Release|Any CPU.Build.0 = Release|Any CPU
		{CB18A2ED-776C-4271-A712-A5374B81213B}.Release|ARM.ActiveCfg = Release|Any CPU
		{CB18A2ED-776C-4271-A712-A5374B81213B}.Release|ARM.Build.0 = Release|Any CPU
		{CB18A2ED-776C-4271-A712-A5374B81213B}.Release|x64.ActiveCfg = Release|Any CPU
		{CB18A2ED-776C-4271-A712-A5374B81213B}.Release|x64.Build.0 = Release|Any CPU
		{CB18A2ED-776C-4271-A712-A5374B81213B}.Release|x86.ActiveCfg = Release|Any CPU
		{CB18A2ED-776C-4271-A712-A5374B81213B}.Release|x86.Build.0 = Release|Any CPU
		{C29283C8-3FA1-4B26-90BC-09B392E6678C}.Debug|Any CPU.ActiveCfg = Debug|Any CPU
		{C29283C8-3FA1-4B26-90BC-09B392E6678C}.Debug|Any CPU.Build.0 = Debug|Any CPU
		{C29283C8-3FA1-4B26-90BC-09B392E6678C}.Debug|ARM.ActiveCfg = Debug|Any CPU
		{C29283C8-3FA1-4B26-90BC-09B392E6678C}.Debug|ARM.Build.0 = Debug|Any CPU
		{C29283C8-3FA1-4B26-90BC-09B392E6678C}.Debug|x64.ActiveCfg = Debug|Any CPU
		{C29283C8-3FA1-4B26-90BC-09B392E6678C}.Debug|x64.Build.0 = Debug|Any CPU
		{C29283C8-3FA1-4B26-90BC-09B392E6678C}.Debug|x86.ActiveCfg = Debug|Any CPU
		{C29283C8-3FA1-4B26-90BC-09B392E6678C}.Debug|x86.Build.0 = Debug|Any CPU
		{C29283C8-3FA1-4B26-90BC-09B392E6678C}.Release|Any CPU.ActiveCfg = Release|Any CPU
		{C29283C8-3FA1-4B26-90BC-09B392E6678C}.Release|Any CPU.Build.0 = Release|Any CPU
		{C29283C8-3FA1-4B26-90BC-09B392E6678C}.Release|ARM.ActiveCfg = Release|Any CPU
		{C29283C8-3FA1-4B26-90BC-09B392E6678C}.Release|ARM.Build.0 = Release|Any CPU
		{C29283C8-3FA1-4B26-90BC-09B392E6678C}.Release|x64.ActiveCfg = Release|Any CPU
		{C29283C8-3FA1-4B26-90BC-09B392E6678C}.Release|x64.Build.0 = Release|Any CPU
		{C29283C8-3FA1-4B26-90BC-09B392E6678C}.Release|x86.ActiveCfg = Release|Any CPU
		{C29283C8-3FA1-4B26-90BC-09B392E6678C}.Release|x86.Build.0 = Release|Any CPU
		{224F4561-576F-4880-850C-F01E2CCE89FE}.Debug|Any CPU.ActiveCfg = Debug|Any CPU
		{224F4561-576F-4880-850C-F01E2CCE89FE}.Debug|Any CPU.Build.0 = Debug|Any CPU
		{224F4561-576F-4880-850C-F01E2CCE89FE}.Debug|ARM.ActiveCfg = Debug|Any CPU
		{224F4561-576F-4880-850C-F01E2CCE89FE}.Debug|ARM.Build.0 = Debug|Any CPU
		{224F4561-576F-4880-850C-F01E2CCE89FE}.Debug|x64.ActiveCfg = Debug|Any CPU
		{224F4561-576F-4880-850C-F01E2CCE89FE}.Debug|x64.Build.0 = Debug|Any CPU
		{224F4561-576F-4880-850C-F01E2CCE89FE}.Debug|x86.ActiveCfg = Debug|Any CPU
		{224F4561-576F-4880-850C-F01E2CCE89FE}.Debug|x86.Build.0 = Debug|Any CPU
		{224F4561-576F-4880-850C-F01E2CCE89FE}.Release|Any CPU.ActiveCfg = Release|Any CPU
		{224F4561-576F-4880-850C-F01E2CCE89FE}.Release|Any CPU.Build.0 = Release|Any CPU
		{224F4561-576F-4880-850C-F01E2CCE89FE}.Release|ARM.ActiveCfg = Release|Any CPU
		{224F4561-576F-4880-850C-F01E2CCE89FE}.Release|ARM.Build.0 = Release|Any CPU
		{224F4561-576F-4880-850C-F01E2CCE89FE}.Release|x64.ActiveCfg = Release|Any CPU
		{224F4561-576F-4880-850C-F01E2CCE89FE}.Release|x64.Build.0 = Release|Any CPU
		{224F4561-576F-4880-850C-F01E2CCE89FE}.Release|x86.ActiveCfg = Release|Any CPU
		{224F4561-576F-4880-850C-F01E2CCE89FE}.Release|x86.Build.0 = Release|Any CPU
		{F2608D24-A0E2-4BF8-8E58-C3B931DF08A6}.Debug|Any CPU.ActiveCfg = Debug|Any CPU
		{F2608D24-A0E2-4BF8-8E58-C3B931DF08A6}.Debug|Any CPU.Build.0 = Debug|Any CPU
		{F2608D24-A0E2-4BF8-8E58-C3B931DF08A6}.Debug|ARM.ActiveCfg = Debug|Any CPU
		{F2608D24-A0E2-4BF8-8E58-C3B931DF08A6}.Debug|ARM.Build.0 = Debug|Any CPU
		{F2608D24-A0E2-4BF8-8E58-C3B931DF08A6}.Debug|x64.ActiveCfg = Debug|Any CPU
		{F2608D24-A0E2-4BF8-8E58-C3B931DF08A6}.Debug|x64.Build.0 = Debug|Any CPU
		{F2608D24-A0E2-4BF8-8E58-C3B931DF08A6}.Debug|x86.ActiveCfg = Debug|Any CPU
		{F2608D24-A0E2-4BF8-8E58-C3B931DF08A6}.Debug|x86.Build.0 = Debug|Any CPU
		{F2608D24-A0E2-4BF8-8E58-C3B931DF08A6}.Release|Any CPU.ActiveCfg = Release|Any CPU
		{F2608D24-A0E2-4BF8-8E58-C3B931DF08A6}.Release|Any CPU.Build.0 = Release|Any CPU
		{F2608D24-A0E2-4BF8-8E58-C3B931DF08A6}.Release|ARM.ActiveCfg = Release|Any CPU
		{F2608D24-A0E2-4BF8-8E58-C3B931DF08A6}.Release|ARM.Build.0 = Release|Any CPU
		{F2608D24-A0E2-4BF8-8E58-C3B931DF08A6}.Release|x64.ActiveCfg = Release|Any CPU
		{F2608D24-A0E2-4BF8-8E58-C3B931DF08A6}.Release|x64.Build.0 = Release|Any CPU
		{F2608D24-A0E2-4BF8-8E58-C3B931DF08A6}.Release|x86.ActiveCfg = Release|Any CPU
		{F2608D24-A0E2-4BF8-8E58-C3B931DF08A6}.Release|x86.Build.0 = Release|Any CPU
		{DAE60826-53C1-4E80-BFD1-D0B3E5F9553B}.Debug|Any CPU.ActiveCfg = Debug|Any CPU
		{DAE60826-53C1-4E80-BFD1-D0B3E5F9553B}.Debug|Any CPU.Build.0 = Debug|Any CPU
		{DAE60826-53C1-4E80-BFD1-D0B3E5F9553B}.Debug|ARM.ActiveCfg = Debug|Any CPU
		{DAE60826-53C1-4E80-BFD1-D0B3E5F9553B}.Debug|ARM.Build.0 = Debug|Any CPU
		{DAE60826-53C1-4E80-BFD1-D0B3E5F9553B}.Debug|x64.ActiveCfg = Debug|Any CPU
		{DAE60826-53C1-4E80-BFD1-D0B3E5F9553B}.Debug|x64.Build.0 = Debug|Any CPU
		{DAE60826-53C1-4E80-BFD1-D0B3E5F9553B}.Debug|x86.ActiveCfg = Debug|Any CPU
		{DAE60826-53C1-4E80-BFD1-D0B3E5F9553B}.Debug|x86.Build.0 = Debug|Any CPU
		{DAE60826-53C1-4E80-BFD1-D0B3E5F9553B}.Release|Any CPU.ActiveCfg = Release|Any CPU
		{DAE60826-53C1-4E80-BFD1-D0B3E5F9553B}.Release|Any CPU.Build.0 = Release|Any CPU
		{DAE60826-53C1-4E80-BFD1-D0B3E5F9553B}.Release|ARM.ActiveCfg = Release|Any CPU
		{DAE60826-53C1-4E80-BFD1-D0B3E5F9553B}.Release|ARM.Build.0 = Release|Any CPU
		{DAE60826-53C1-4E80-BFD1-D0B3E5F9553B}.Release|x64.ActiveCfg = Release|Any CPU
		{DAE60826-53C1-4E80-BFD1-D0B3E5F9553B}.Release|x64.Build.0 = Release|Any CPU
		{DAE60826-53C1-4E80-BFD1-D0B3E5F9553B}.Release|x86.ActiveCfg = Release|Any CPU
		{DAE60826-53C1-4E80-BFD1-D0B3E5F9553B}.Release|x86.Build.0 = Release|Any CPU
	EndGlobalSection
	GlobalSection(SolutionProperties) = preSolution
		HideSolutionNode = FALSE
	EndGlobalSection
EndGlobal
